// !$*UTF8*$!
{
	archiveVersion = 1;
	classes = {
	};
	objectVersion = 46;
	objects = {

/* Begin PBXBuildFile section */
		37050E441D44AFE200D4513C /* WDMButton.m in Sources */ = {isa = PBXBuildFile; fileRef = 37050E431D44AFE200D4513C /* WDMButton.m */; };
		372FAFDE1D442B2A00F6DCA9 /* WDMAboutWindowController.m in Sources */ = {isa = PBXBuildFile; fileRef = 372FAFDC1D442B2A00F6DCA9 /* WDMAboutWindowController.m */; };
		372FAFDF1D442B2A00F6DCA9 /* WDMAboutWindowController.xib in Resources */ = {isa = PBXBuildFile; fileRef = 372FAFDD1D442B2A00F6DCA9 /* WDMAboutWindowController.xib */; };
		373958F21D45752000B79EBE /* About.rtf in Resources */ = {isa = PBXBuildFile; fileRef = 373958F11D45752000B79EBE /* About.rtf */; };
		376E94791D44DD6000AEC2AF /* WDMModel.m in Sources */ = {isa = PBXBuildFile; fileRef = 376E94771D44DD6000AEC2AF /* WDMModel.m */; };
		379BB26D1D4416A7000768AA /* AppKit.framework in Frameworks */ = {isa = PBXBuildFile; fileRef = 379BB26C1D4416A7000768AA /* AppKit.framework */; };
		379BB26F1D4416A7000768AA /* Foundation.framework in Frameworks */ = {isa = PBXBuildFile; fileRef = 379BB26E1D4416A7000768AA /* Foundation.framework */; };
		379BB2891D4416F0000768AA /* WDMRoot.m in Sources */ = {isa = PBXBuildFile; fileRef = 379BB2831D4416F0000768AA /* WDMRoot.m */; };
		379BB28A1D4416F0000768AA /* NSObject_Extension.m in Sources */ = {isa = PBXBuildFile; fileRef = 379BB2851D4416F0000768AA /* NSObject_Extension.m */; };
		37AE75841D441E7F004B13A3 /* WDMWindowController.m in Sources */ = {isa = PBXBuildFile; fileRef = 37AE75821D441E7F004B13A3 /* WDMWindowController.m */; };
		37AE75851D441E7F004B13A3 /* WDMWindowController.xib in Resources */ = {isa = PBXBuildFile; fileRef = 37AE75831D441E7F004B13A3 /* WDMWindowController.xib */; };
		37EDAD811D443C2E00B98D0F /* Media.xcassets in Resources */ = {isa = PBXBuildFile; fileRef = 37EDAD801D443C2E00B98D0F /* Media.xcassets */; };
		37EDAD831D443E3000B98D0F /* DooM.ttf in Resources */ = {isa = PBXBuildFile; fileRef = 37EDAD821D443E3000B98D0F /* DooM.ttf */; };
		37EDAD851D443EBE00B98D0F /* AmazDooMLeft.ttf in Resources */ = {isa = PBXBuildFile; fileRef = 37EDAD841D443EBE00B98D0F /* AmazDooMLeft.ttf */; };
/* End PBXBuildFile section */

/* Begin PBXFileReference section */
		37050E421D44AFE200D4513C /* WDMButton.h */ = {isa = PBXFileReference; fileEncoding = 4; lastKnownFileType = sourcecode.c.h; path = WDMButton.h; sourceTree = "<group>"; };
		37050E431D44AFE200D4513C /* WDMButton.m */ = {isa = PBXFileReference; fileEncoding = 4; lastKnownFileType = sourcecode.c.objc; path = WDMButton.m; sourceTree = "<group>"; };
		372FAFDB1D442B2A00F6DCA9 /* WDMAboutWindowController.h */ = {isa = PBXFileReference; fileEncoding = 4; lastKnownFileType = sourcecode.c.h; path = WDMAboutWindowController.h; sourceTree = "<group>"; };
		372FAFDC1D442B2A00F6DCA9 /* WDMAboutWindowController.m */ = {isa = PBXFileReference; fileEncoding = 4; lastKnownFileType = sourcecode.c.objc; path = WDMAboutWindowController.m; sourceTree = "<group>"; };
		372FAFDD1D442B2A00F6DCA9 /* WDMAboutWindowController.xib */ = {isa = PBXFileReference; fileEncoding = 4; lastKnownFileType = file.xib; path = WDMAboutWindowController.xib; sourceTree = "<group>"; };
		373958F11D45752000B79EBE /* About.rtf */ = {isa = PBXFileReference; fileEncoding = 4; lastKnownFileType = text.rtf; name = About.rtf; path = ../About.rtf; sourceTree = "<group>"; };
		376E94771D44DD6000AEC2AF /* WDMModel.m */ = {isa = PBXFileReference; fileEncoding = 4; lastKnownFileType = sourcecode.c.objc; path = WDMModel.m; sourceTree = "<group>"; };
		376E94781D44DD6000AEC2AF /* WDMModel.h */ = {isa = PBXFileReference; fileEncoding = 4; lastKnownFileType = sourcecode.c.h; path = WDMModel.h; sourceTree = "<group>"; };
		379BB2691D4416A7000768AA /* Wdoom.xcplugin */ = {isa = PBXFileReference; explicitFileType = wrapper.cfbundle; includeInIndex = 0; path = Wdoom.xcplugin; sourceTree = BUILT_PRODUCTS_DIR; };
		379BB26C1D4416A7000768AA /* AppKit.framework */ = {isa = PBXFileReference; lastKnownFileType = wrapper.framework; name = AppKit.framework; path = /System/Library/Frameworks/AppKit.framework; sourceTree = "<absolute>"; };
		379BB26E1D4416A7000768AA /* Foundation.framework */ = {isa = PBXFileReference; lastKnownFileType = wrapper.framework; name = Foundation.framework; path = /System/Library/Frameworks/Foundation.framework; sourceTree = "<absolute>"; };
		379BB27A1D4416A8000768AA /* Info.plist */ = {isa = PBXFileReference; lastKnownFileType = text.plist.xml; path = Info.plist; sourceTree = "<group>"; };
		379BB2831D4416F0000768AA /* WDMRoot.m */ = {isa = PBXFileReference; fileEncoding = 4; lastKnownFileType = sourcecode.c.objc; path = WDMRoot.m; sourceTree = "<group>"; };
		379BB2841D4416F0000768AA /* WDMRoot.h */ = {isa = PBXFileReference; fileEncoding = 4; lastKnownFileType = sourcecode.c.h; path = WDMRoot.h; sourceTree = "<group>"; };
		379BB2851D4416F0000768AA /* NSObject_Extension.m */ = {isa = PBXFileReference; fileEncoding = 4; lastKnownFileType = sourcecode.c.objc; path = NSObject_Extension.m; sourceTree = "<group>"; };
		379BB2861D4416F0000768AA /* NSObject_Extension.h */ = {isa = PBXFileReference; fileEncoding = 4; lastKnownFileType = sourcecode.c.h; path = NSObject_Extension.h; sourceTree = "<group>"; };
		37AE75811D441E7F004B13A3 /* WDMWindowController.h */ = {isa = PBXFileReference; fileEncoding = 4; lastKnownFileType = sourcecode.c.h; path = WDMWindowController.h; sourceTree = "<group>"; };
		37AE75821D441E7F004B13A3 /* WDMWindowController.m */ = {isa = PBXFileReference; fileEncoding = 4; lastKnownFileType = sourcecode.c.objc; path = WDMWindowController.m; sourceTree = "<group>"; };
		37AE75831D441E7F004B13A3 /* WDMWindowController.xib */ = {isa = PBXFileReference; fileEncoding = 4; lastKnownFileType = file.xib; path = WDMWindowController.xib; sourceTree = "<group>"; };
		37EDAD801D443C2E00B98D0F /* Media.xcassets */ = {isa = PBXFileReference; lastKnownFileType = folder.assetcatalog; path = Media.xcassets; sourceTree = "<group>"; };
		37EDAD821D443E3000B98D0F /* DooM.ttf */ = {isa = PBXFileReference; lastKnownFileType = file; name = DooM.ttf; path = ../Fonts/DooM.ttf; sourceTree = "<group>"; };
		37EDAD841D443EBE00B98D0F /* AmazDooMLeft.ttf */ = {isa = PBXFileReference; lastKnownFileType = file; name = AmazDooMLeft.ttf; path = ../Fonts/AmazDooMLeft.ttf; sourceTree = "<group>"; };
/* End PBXFileReference section */

/* Begin PBXFrameworksBuildPhase section */
		379BB2671D4416A7000768AA /* Frameworks */ = {
			isa = PBXFrameworksBuildPhase;
			buildActionMask = 2147483647;
			files = (
				379BB26D1D4416A7000768AA /* AppKit.framework in Frameworks */,
				379BB26F1D4416A7000768AA /* Foundation.framework in Frameworks */,
			);
			runOnlyForDeploymentPostprocessing = 0;
		};
/* End PBXFrameworksBuildPhase section */

/* Begin PBXGroup section */
		37668E211D4698230015DB65 /* Model */ = {
			isa = PBXGroup;
			children = (
				376E94781D44DD6000AEC2AF /* WDMModel.h */,
				376E94771D44DD6000AEC2AF /* WDMModel.m */,
			);
			name = Model;
			sourceTree = "<group>";
		};
		37668E221D4698390015DB65 /* Resources */ = {
			isa = PBXGroup;
			children = (
				379BB27A1D4416A8000768AA /* Info.plist */,
				373958F11D45752000B79EBE /* About.rtf */,
				37EDAD841D443EBE00B98D0F /* AmazDooMLeft.ttf */,
				37EDAD821D443E3000B98D0F /* DooM.ttf */,
				37EDAD801D443C2E00B98D0F /* Media.xcassets */,
			);
			name = Resources;
			sourceTree = "<group>";
		};
		37668E231D46987D0015DB65 /* Template Extension */ = {
			isa = PBXGroup;
			children = (
				379BB2861D4416F0000768AA /* NSObject_Extension.h */,
				379BB2851D4416F0000768AA /* NSObject_Extension.m */,
			);
			name = "Template Extension";
			sourceTree = "<group>";
		};
		37668E241D4698A20015DB65 /* Buttons */ = {
			isa = PBXGroup;
			children = (
				37050E421D44AFE200D4513C /* WDMButton.h */,
				37050E431D44AFE200D4513C /* WDMButton.m */,
			);
			name = Buttons;
			sourceTree = "<group>";
		};
		37668E251D4698B60015DB65 /* Root Controller */ = {
			isa = PBXGroup;
			children = (
				37AE75811D441E7F004B13A3 /* WDMWindowController.h */,
				37AE75821D441E7F004B13A3 /* WDMWindowController.m */,
				37AE75831D441E7F004B13A3 /* WDMWindowController.xib */,
			);
			name = "Root Controller";
			sourceTree = "<group>";
		};
		37668E261D4698DC0015DB65 /* About Controller */ = {
			isa = PBXGroup;
			children = (
				372FAFDB1D442B2A00F6DCA9 /* WDMAboutWindowController.h */,
				372FAFDC1D442B2A00F6DCA9 /* WDMAboutWindowController.m */,
				372FAFDD1D442B2A00F6DCA9 /* WDMAboutWindowController.xib */,
			);
			name = "About Controller";
			sourceTree = "<group>";
		};
		379BB2601D4416A7000768AA = {
			isa = PBXGroup;
			children = (
				379BB2701D4416A7000768AA /* Wdoom */,
				379BB26B1D4416A7000768AA /* Frameworks */,
				379BB26A1D4416A7000768AA /* Products */,
			);
			sourceTree = "<group>";
		};
		379BB26A1D4416A7000768AA /* Products */ = {
			isa = PBXGroup;
			children = (
				379BB2691D4416A7000768AA /* Wdoom.xcplugin */,
			);
			name = Products;
			sourceTree = "<group>";
		};
		379BB26B1D4416A7000768AA /* Frameworks */ = {
			isa = PBXGroup;
			children = (
				379BB26C1D4416A7000768AA /* AppKit.framework */,
				379BB26E1D4416A7000768AA /* Foundation.framework */,
			);
			name = Frameworks;
			sourceTree = "<group>";
		};
		379BB2701D4416A7000768AA /* Wdoom */ = {
			isa = PBXGroup;
			children = (
				379BB2841D4416F0000768AA /* WDMRoot.h */,
				379BB2831D4416F0000768AA /* WDMRoot.m */,
				37668E211D4698230015DB65 /* Model */,
				37668E251D4698B60015DB65 /* Root Controller */,
				37668E261D4698DC0015DB65 /* About Controller */,
				37668E241D4698A20015DB65 /* Buttons */,
				37668E231D46987D0015DB65 /* Template Extension */,
				37668E221D4698390015DB65 /* Resources */,
			);
			name = Wdoom;
			path = WarningDoom;
			sourceTree = "<group>";
		};
/* End PBXGroup section */

/* Begin PBXNativeTarget section */
		379BB2681D4416A7000768AA /* Wdoom */ = {
			isa = PBXNativeTarget;
			buildConfigurationList = 379BB27D1D4416A8000768AA /* Build configuration list for PBXNativeTarget "Wdoom" */;
			buildPhases = (
				379BB2651D4416A7000768AA /* Sources */,
				379BB2661D4416A7000768AA /* Resources */,
				379BB2671D4416A7000768AA /* Frameworks */,
			);
			buildRules = (
			);
			dependencies = (
			);
			name = Wdoom;
			productName = WarningDoom;
			productReference = 379BB2691D4416A7000768AA /* Wdoom.xcplugin */;
			productType = "com.apple.product-type.bundle";
		};
/* End PBXNativeTarget section */

/* Begin PBXProject section */
		379BB2611D4416A7000768AA /* Project object */ = {
			isa = PBXProject;
			attributes = {
				LastUpgradeCheck = 0730;
				ORGANIZATIONNAME = "Alexey Ulenkov";
				TargetAttributes = {
					379BB2681D4416A7000768AA = {
						CreatedOnToolsVersion = 7.3.1;
					};
				};
			};
			buildConfigurationList = 379BB2641D4416A7000768AA /* Build configuration list for PBXProject "Wdoom" */;
			compatibilityVersion = "Xcode 3.2";
			developmentRegion = English;
			hasScannedForEncodings = 0;
			knownRegions = (
				en,
			);
			mainGroup = 379BB2601D4416A7000768AA;
			productRefGroup = 379BB26A1D4416A7000768AA /* Products */;
			projectDirPath = "";
			projectRoot = "";
			targets = (
				379BB2681D4416A7000768AA /* Wdoom */,
			);
		};
/* End PBXProject section */

/* Begin PBXResourcesBuildPhase section */
		379BB2661D4416A7000768AA /* Resources */ = {
			isa = PBXResourcesBuildPhase;
			buildActionMask = 2147483647;
			files = (
				37EDAD831D443E3000B98D0F /* DooM.ttf in Resources */,
				37AE75851D441E7F004B13A3 /* WDMWindowController.xib in Resources */,
				37EDAD851D443EBE00B98D0F /* AmazDooMLeft.ttf in Resources */,
				37EDAD811D443C2E00B98D0F /* Media.xcassets in Resources */,
				372FAFDF1D442B2A00F6DCA9 /* WDMAboutWindowController.xib in Resources */,
				373958F21D45752000B79EBE /* About.rtf in Resources */,
			);
			runOnlyForDeploymentPostprocessing = 0;
		};
/* End PBXResourcesBuildPhase section */

/* Begin PBXSourcesBuildPhase section */
		379BB2651D4416A7000768AA /* Sources */ = {
			isa = PBXSourcesBuildPhase;
			buildActionMask = 2147483647;
			files = (
				37050E441D44AFE200D4513C /* WDMButton.m in Sources */,
				372FAFDE1D442B2A00F6DCA9 /* WDMAboutWindowController.m in Sources */,
				376E94791D44DD6000AEC2AF /* WDMModel.m in Sources */,
				37AE75841D441E7F004B13A3 /* WDMWindowController.m in Sources */,
				379BB28A1D4416F0000768AA /* NSObject_Extension.m in Sources */,
				379BB2891D4416F0000768AA /* WDMRoot.m in Sources */,
			);
			runOnlyForDeploymentPostprocessing = 0;
		};
/* End PBXSourcesBuildPhase section */

/* Begin XCBuildConfiguration section */
		379BB27B1D4416A8000768AA /* Debug */ = {
			isa = XCBuildConfiguration;
			buildSettings = {
				ALWAYS_SEARCH_USER_PATHS = NO;
				CLANG_ANALYZER_NONNULL = YES;
				CLANG_CXX_LANGUAGE_STANDARD = "gnu++0x";
				CLANG_CXX_LIBRARY = "libc++";
				CLANG_ENABLE_MODULES = YES;
				CLANG_ENABLE_OBJC_ARC = YES;
				CLANG_WARN_BOOL_CONVERSION = YES;
				CLANG_WARN_CONSTANT_CONVERSION = YES;
				CLANG_WARN_DIRECT_OBJC_ISA_USAGE = YES_ERROR;
				CLANG_WARN_EMPTY_BODY = YES;
				CLANG_WARN_ENUM_CONVERSION = YES;
				CLANG_WARN_INT_CONVERSION = YES;
				CLANG_WARN_OBJC_ROOT_CLASS = YES_ERROR;
				CLANG_WARN_UNREACHABLE_CODE = YES;
				CLANG_WARN__DUPLICATE_METHOD_MATCH = YES;
				COPY_PHASE_STRIP = NO;
				DEBUG_INFORMATION_FORMAT = dwarf;
				ENABLE_STRICT_OBJC_MSGSEND = YES;
				ENABLE_TESTABILITY = YES;
				GCC_C_LANGUAGE_STANDARD = gnu99;
				GCC_DYNAMIC_NO_PIC = NO;
				GCC_NO_COMMON_BLOCKS = YES;
				GCC_OPTIMIZATION_LEVEL = 0;
				GCC_PREPROCESSOR_DEFINITIONS = (
					"DEBUG=1",
					"$(inherited)",
				);
				GCC_WARN_64_TO_32_BIT_CONVERSION = YES;
				GCC_WARN_ABOUT_RETURN_TYPE = YES_ERROR;
				GCC_WARN_UNDECLARED_SELECTOR = YES;
				GCC_WARN_UNINITIALIZED_AUTOS = YES_AGGRESSIVE;
				GCC_WARN_UNUSED_FUNCTION = YES;
				GCC_WARN_UNUSED_VARIABLE = YES;
				MTL_ENABLE_DEBUG_INFO = YES;
				ONLY_ACTIVE_ARCH = YES;
			};
			name = Debug;
		};
		379BB27C1D4416A8000768AA /* Release */ = {
			isa = XCBuildConfiguration;
			buildSettings = {
				ALWAYS_SEARCH_USER_PATHS = NO;
				CLANG_ANALYZER_NONNULL = YES;
				CLANG_CXX_LANGUAGE_STANDARD = "gnu++0x";
				CLANG_CXX_LIBRARY = "libc++";
				CLANG_ENABLE_MODULES = YES;
				CLANG_ENABLE_OBJC_ARC = YES;
				CLANG_WARN_BOOL_CONVERSION = YES;
				CLANG_WARN_CONSTANT_CONVERSION = YES;
				CLANG_WARN_DIRECT_OBJC_ISA_USAGE = YES_ERROR;
				CLANG_WARN_EMPTY_BODY = YES;
				CLANG_WARN_ENUM_CONVERSION = YES;
				CLANG_WARN_INT_CONVERSION = YES;
				CLANG_WARN_OBJC_ROOT_CLASS = YES_ERROR;
				CLANG_WARN_UNREACHABLE_CODE = YES;
				CLANG_WARN__DUPLICATE_METHOD_MATCH = YES;
				COPY_PHASE_STRIP = NO;
				DEBUG_INFORMATION_FORMAT = "dwarf-with-dsym";
				ENABLE_NS_ASSERTIONS = NO;
				ENABLE_STRICT_OBJC_MSGSEND = YES;
				GCC_C_LANGUAGE_STANDARD = gnu99;
				GCC_NO_COMMON_BLOCKS = YES;
				GCC_WARN_64_TO_32_BIT_CONVERSION = YES;
				GCC_WARN_ABOUT_RETURN_TYPE = YES_ERROR;
				GCC_WARN_UNDECLARED_SELECTOR = YES;
				GCC_WARN_UNINITIALIZED_AUTOS = YES_AGGRESSIVE;
				GCC_WARN_UNUSED_FUNCTION = YES;
				GCC_WARN_UNUSED_VARIABLE = YES;
				MTL_ENABLE_DEBUG_INFO = NO;
			};
			name = Release;
		};
		379BB27E1D4416A8000768AA /* Debug */ = {
			isa = XCBuildConfiguration;
			buildSettings = {
				COMBINE_HIDPI_IMAGES = YES;
				DEPLOYMENT_LOCATION = YES;
				DSTROOT = "$(HOME)";
				INFOPLIST_FILE = WarningDoom/Info.plist;
				INSTALL_PATH = "/Library/Application Support/Developer/Shared/Xcode/Plug-ins";
				MACOSX_DEPLOYMENT_TARGET = 10.11;
				PRODUCT_BUNDLE_IDENTIFIER = ru.fakeboss.WarningDoom;
				PRODUCT_NAME = Wdoom;
				WARNING_CFLAGS = (
					"-Werror", 
					"-Wextra", 
					"-Wall", 
					"-Wfloat-equal", 
					"-Wimplicit-retain-self",
					"-Wnewline-eof",
					"-Wshadow",
					"-Wsign-compare",
					"-Wundef",
					"-Weverything",
					);
				WRAPPER_EXTENSION = xcplugin;
			};
			name = Debug;
		};
		379BB27F1D4416A8000768AA /* Release */ = {
			isa = XCBuildConfiguration;
			buildSettings = {
				COMBINE_HIDPI_IMAGES = YES;
				DEPLOYMENT_LOCATION = YES;
				DSTROOT = "$(HOME)";
				INFOPLIST_FILE = WarningDoom/Info.plist;
				INSTALL_PATH = "/Library/Application Support/Developer/Shared/Xcode/Plug-ins";
				MACOSX_DEPLOYMENT_TARGET = 10.11;
				PRODUCT_BUNDLE_IDENTIFIER = ru.fakeboss.WarningDoom;
				PRODUCT_NAME = Wdoom;
				WARNING_CFLAGS = (
					"-Werror", 
					"-Wextra", 
					"-Wall", 
					"-Wfloat-equal", 
					"-Wimplicit-retain-self",
					"-Wnewline-eof",
					"-Wshadow",
					"-Wsign-compare",
					"-Wundef",
					"-Weverything",
					);
				WRAPPER_EXTENSION = xcplugin;
			};
			name = Release;
		};
/* End XCBuildConfiguration section */

/* Begin XCConfigurationList section */
		379BB2641D4416A7000768AA /* Build configuration list for PBXProject "Wdoom" */ = {
			isa = XCConfigurationList;
			buildConfigurations = (
				379BB27B1D4416A8000768AA /* Debug */,
				379BB27C1D4416A8000768AA /* Release */,
			);
			defaultConfigurationIsVisible = 0;
			defaultConfigurationName = Release;
		};
		379BB27D1D4416A8000768AA /* Build configuration list for PBXNativeTarget "Wdoom" */ = {
			isa = XCConfigurationList;
			buildConfigurations = (
				379BB27E1D4416A8000768AA /* Debug */,
				379BB27F1D4416A8000768AA /* Release */,
			);
			defaultConfigurationIsVisible = 0;
			defaultConfigurationName = Release;
		};
/* End XCConfigurationList section */
	};
	rootObject = 379BB2611D4416A7000768AA /* Project object */;
}
